<?xml version="1.0" encoding="UTF-8" standalone="yes" ?>
<CodeBlocks_project_file>
	<FileVersion major="1" minor="6" />
	<Project>
		<Option title="thegame" />
		<Option pch_mode="2" />
		<Option compiler="gcc" />
		<Build>
			<Target title="Debug">
				<Option output="../thegame_bin/Debug/thegame" prefix_auto="1" extension_auto="1" />
				<Option object_output="../thegame_bin/Debug/obj" />
				<Option type="0" />
				<Option compiler="gcc" />
				<Compiler>
					<Add option="-std=c++11" />
					<Add option="-g" />
					<Add directory="C:/projekty/thegame/" />
				</Compiler>
			</Target>
			<Target title="Release">
				<Option output="../thegame_bin/Release/thegame" prefix_auto="1" extension_auto="1" />
				<Option object_output="C:/projekty/thegame_bin/Release/obj" />
				<Option type="0" />
				<Option compiler="gcc" />
				<Compiler>
					<Add option="-fexpensive-optimizations" />
					<Add option="-O3" />
					<Add option="-Wnon-virtual-dtor" />
					<Add option="-std=c++11" />
					<Add directory="C:/projekty/thegame/" />
				</Compiler>
				<Linker>
					<Add option="-s" />
				</Linker>
			</Target>
		</Build>
		<Compiler>
			<Add option="-Wall" />
			<Add directory="C:/lib/SFML/include" />
		</Compiler>
		<Linker>
			<Add library="sfml-graphics" />
			<Add library="sfml-system" />
			<Add library="sfml-audio" />
			<Add library="sfml-window" />
			<Add directory="C:/lib/sfml/lib" />
			<Add directory="C:/lib/sfml/bin" />
		</Linker>
		<Unit filename="UQVA.cpp" />
		<Unit filename="UQVA.h" />
		<Unit filename="bg.cpp">
			<Option compile="0" />
			<Option link="0" />
		</Unit>
		<Unit filename="bg.h" />
		<Unit filename="conversion.h" />
		<Unit filename="counter.h" />
		<Unit filename="craftingmenu.cpp" />
		<Unit filename="craftingmenu.h" />
		<Unit filename="cthulu.cpp" />
		<Unit filename="cthulu.h" />
		<Unit filename="datastream.cpp" />
		<Unit filename="datastream.h" />
		<Unit filename="globals.cpp" />
		<Unit filename="globals.h" />
		<Unit filename="idtoitemconversion.cpp" />
		<Unit filename="idtoitemconversion.h" />
		<Unit filename="interface.cpp" />
		<Unit filename="interface.h" />
		<Unit filename="interface_menu.cpp" />
		<Unit filename="interface_menu.h" />
		<Unit filename="interfacewindow.cpp" />
		<Unit filename="interfacewindow.h" />
		<Unit filename="inventory.cpp" />
		<Unit filename="inventory.h" />
		<Unit filename="itempickup.cpp" />
		<Unit filename="itempickup.h" />
		<Unit filename="items.cpp" />
		<Unit filename="items.h" />
		<Unit filename="liquidifieremitter.cpp" />
		<Unit filename="liquidifieremitter.h" />
		<Unit filename="macro.h" />
		<Unit filename="main.cpp" />
		<Unit filename="movingworld.cpp" />
		<Unit filename="movingworld.h" />
		<Unit filename="normals.cpp" />
		<Unit filename="normals.h" />
		<Unit filename="particlesystem.cpp" />
		<Unit filename="particlesystem.h" />
		<Unit filename="projectile.cpp" />
		<Unit filename="projectile.h" />
		<Unit filename="projectileemitter.cpp" />
		<Unit filename="projectileemitter.h" />
		<Unit filename="squaregrowingoutwards.h" />
		<Unit filename="taskqueue.cpp" />
		<Unit filename="taskqueue.h" />
		<Unit filename="test_obj.cpp" />
		<Unit filename="test_obj.h" />
		<Unit filename="typedefs.h" />
		<Unit filename="ver_dat.h" />
		<Unit filename="version.h" />
		<Unit filename="world.cpp" />
		<Unit filename="world.h" />
		<Unit filename="worldgenerator.cpp" />
		<Unit filename="worldgenerator.h" />
		<Extensions>
			<code_completion />
			<envvars />
			<debugger />
			<lib_finder disable_auto="1" />
			<AutoVersioning>
				<Scheme minor_max="10" build_max="0" rev_max="0" rev_rand_max="10" build_times_to_increment_minor="100" />
				<Settings autoincrement="1" date_declarations="1" use_define="0" update_manifest="1" do_auto_increment="1" ask_to_increment="0" language="C++" svn="0" svn_directory="" header_path="version.h" />
				<Changes_Log show_changes_editor="0" app_title="released version %M.%m.%b of %p" changeslog_path="ChangesLog.txt" />
				<Code header_guard="VERSION_H" namespace="AutoVersion" prefix="" />
			</AutoVersioning>
		</Extensions>
	</Project>
</CodeBlocks_project_file>
